
Microsoft Visual Studio Solution File, Format Version 12.00
# Visual Studio Version 17
VisualStudioVersion = 17.3.32922.545
MinimumVisualStudioVersion = 10.0.40219.1
Project("{8BC9CEB8-8B4A-11D0-8D11-00A0C91BC942}") = "opengl_engine", "opengl_engine\opengl_engine.vcxproj", "{7BDF02E2-AB62-4176-987F-2C2B99391124}"
EndProject
Project("{8BC9CEB8-8B4A-11D0-8D11-00A0C91BC942}") = "sandbox", "sandbox\sandbox.vcxproj", "{3106E1EA-6A7A-40FF-B1A6-4593F7473AD2}"
EndProject
Project("{8BC9CEB8-8B4A-11D0-8D11-00A0C91BC942}") = "Shaders", "Shaders\Shaders.vcxproj", "{407DB314-264E-4F1E-97A6-AFCC6FB3EFAF}"
EndProject
Project("{8BC9CEB8-8B4A-11D0-8D11-00A0C91BC942}") = "doomlike", "doomlike\doomlike.vcxproj", "{D8C7A6FD-BBE7-443E-BCF5-5EBC6A8BF61E}"
	ProjectSection(ProjectDependencies) = postProject
		{7BDF02E2-AB62-4176-987F-2C2B99391124} = {7BDF02E2-AB62-4176-987F-2C2B99391124}
	EndProjectSection
EndProject
Project("{8BC9CEB8-8B4A-11D0-8D11-00A0C91BC942}") = "benchmark", "benchmark\benchmark.vcxproj", "{DDFD2069-C38B-9F16-B439-8E2B95ECBF4D}"
EndProject
Global
	GlobalSection(SolutionConfigurationPlatforms) = preSolution
		Debug|x64 = Debug|x64
		Debug|x86 = Debug|x86
		Release|x64 = Release|x64
		Release|x86 = Release|x86
	EndGlobalSection
	GlobalSection(ProjectConfigurationPlatforms) = postSolution
		{7BDF02E2-AB62-4176-987F-2C2B99391124}.Debug|x64.ActiveCfg = Debug|x64
		{7BDF02E2-AB62-4176-987F-2C2B99391124}.Debug|x64.Build.0 = Debug|x64
		{7BDF02E2-AB62-4176-987F-2C2B99391124}.Debug|x86.ActiveCfg = Debug|Win32
		{7BDF02E2-AB62-4176-987F-2C2B99391124}.Debug|x86.Build.0 = Debug|Win32
		{7BDF02E2-AB62-4176-987F-2C2B99391124}.Release|x64.ActiveCfg = Release|x64
		{7BDF02E2-AB62-4176-987F-2C2B99391124}.Release|x64.Build.0 = Release|x64
		{7BDF02E2-AB62-4176-987F-2C2B99391124}.Release|x86.ActiveCfg = Release|Win32
		{7BDF02E2-AB62-4176-987F-2C2B99391124}.Release|x86.Build.0 = Release|Win32
		{3106E1EA-6A7A-40FF-B1A6-4593F7473AD2}.Debug|x64.ActiveCfg = Debug|x64
		{3106E1EA-6A7A-40FF-B1A6-4593F7473AD2}.Debug|x64.Build.0 = Debug|x64
		{3106E1EA-6A7A-40FF-B1A6-4593F7473AD2}.Debug|x86.ActiveCfg = Debug|Win32
		{3106E1EA-6A7A-40FF-B1A6-4593F7473AD2}.Debug|x86.Build.0 = Debug|Win32
		{3106E1EA-6A7A-40FF-B1A6-4593F7473AD2}.Release|x64.ActiveCfg = Release|x64
		{3106E1EA-6A7A-40FF-B1A6-4593F7473AD2}.Release|x64.Build.0 = Release|x64
		{3106E1EA-6A7A-40FF-B1A6-4593F7473AD2}.Release|x86.ActiveCfg = Release|Win32
		{3106E1EA-6A7A-40FF-B1A6-4593F7473AD2}.Release|x86.Build.0 = Release|Win32
		{407DB314-264E-4F1E-97A6-AFCC6FB3EFAF}.Debug|x64.ActiveCfg = Debug|x64
		{407DB314-264E-4F1E-97A6-AFCC6FB3EFAF}.Debug|x64.Build.0 = Debug|x64
		{407DB314-264E-4F1E-97A6-AFCC6FB3EFAF}.Debug|x86.ActiveCfg = Debug|Win32
		{407DB314-264E-4F1E-97A6-AFCC6FB3EFAF}.Debug|x86.Build.0 = Debug|Win32
		{407DB314-264E-4F1E-97A6-AFCC6FB3EFAF}.Release|x64.ActiveCfg = Release|x64
		{407DB314-264E-4F1E-97A6-AFCC6FB3EFAF}.Release|x64.Build.0 = Release|x64
		{407DB314-264E-4F1E-97A6-AFCC6FB3EFAF}.Release|x86.ActiveCfg = Release|Win32
		{407DB314-264E-4F1E-97A6-AFCC6FB3EFAF}.Release|x86.Build.0 = Release|Win32
		{D8C7A6FD-BBE7-443E-BCF5-5EBC6A8BF61E}.Debug|x64.ActiveCfg = Debug|x64
		{D8C7A6FD-BBE7-443E-BCF5-5EBC6A8BF61E}.Debug|x64.Build.0 = Debug|x64
		{D8C7A6FD-BBE7-443E-BCF5-5EBC6A8BF61E}.Debug|x86.ActiveCfg = Debug|Win32
		{D8C7A6FD-BBE7-443E-BCF5-5EBC6A8BF61E}.Debug|x86.Build.0 = Debug|Win32
		{D8C7A6FD-BBE7-443E-BCF5-5EBC6A8BF61E}.Release|x64.ActiveCfg = Release|x64
		{D8C7A6FD-BBE7-443E-BCF5-5EBC6A8BF61E}.Release|x64.Build.0 = Release|x64
		{D8C7A6FD-BBE7-443E-BCF5-5EBC6A8BF61E}.Release|x86.ActiveCfg = Release|Win32
		{D8C7A6FD-BBE7-443E-BCF5-5EBC6A8BF61E}.Release|x86.Build.0 = Release|Win32
		{DDFD2069-C38B-9F16-B439-8E2B95ECBF4D}.Debug|x64.ActiveCfg = Debug|x64
		{DDFD2069-C38B-9F16-B439-8E2B95ECBF4D}.Debug|x64.Build.0 = Debug|x64
		{DDFD2069-C38B-9F16-B439-8E2B95ECBF4D}.Debug|x86.ActiveCfg = Debug|Win32
		{DDFD2069-C38B-9F16-B439-8E2B95ECBF4D}.Debug|x86.Build.0 = Debug|Win32
		{DDFD2069-C38B-9F16-B439-8E2B95ECBF4D}.Release|x64.ActiveCfg = Release|x64
		{DDFD2069-C38B-9F16-B439-8E2B95ECBF4D}.Release|x64.Build.0 = Release|x64
		{DDFD2069-C38B-9F16-B439-8E2B95ECBF4D}.Release|x86.ActiveCfg = Release|Win32
		{DDFD2069-C38B-9F16-B439-8E2B95ECBF4D}.Release|x86.Build.0 = Release|Win32
	EndGlobalSection
	GlobalSection(SolutionProperties) = preSolution
		HideSolutionNode = FALSE
	EndGlobalSection
	GlobalSection(ExtensibilityGlobals) = postSolution
		SolutionGuid = {3912DC78-AC6E-4159-999E-4775F0BFFB2F}
	EndGlobalSection
EndGlobal
