<?xml version="1.0" encoding="utf-8"?>
<Project ToolsVersion="4.0" xmlns="http://schemas.microsoft.com/developer/msbuild/2003">
  <ItemGroup>
    <Filter Include="Source Files">
      <UniqueIdentifier>{4FC737F1-C7A5-4376-A066-2A32D752A2FF}</UniqueIdentifier>
      <Extensions>cpp;c;cc;cxx;c++;cppm;ixx;def;odl;idl;hpj;bat;asm;asmx</Extensions>
    </Filter>
    <Filter Include="Header Files">
      <UniqueIdentifier>{93995380-89BD-4b04-88EB-625FBE52EBFB}</UniqueIdentifier>
      <Extensions>h;hh;hpp;hxx;h++;hm;inl;inc;ipp;xsd</Extensions>
    </Filter>
    <Filter Include="Resource Files">
      <UniqueIdentifier>{67DA6AB6-F800-4c08-8B7A-83BB121AAD01}</UniqueIdentifier>
      <Extensions>rc;ico;cur;bmp;dlg;rc2;rct;bin;rgs;gif;jpg;jpeg;jpe;resx;tiff;tif;png;wav;mfcribbon-ms</Extensions>
    </Filter>
  </ItemGroup>
  <ItemGroup>
    <ClCompile Include="main.cpp">
      <Filter>Source Files</Filter>
    </ClCompile>
    <ClCompile Include="Scenes\testFpsScene.cpp">
      <Filter>Source Files</Filter>
    </ClCompile>
    <ClCompile Include="doomlikeGame.cpp">
      <Filter>Source Files</Filter>
    </ClCompile>
    <ClCompile Include="Scenes\doomlikeLevelDebug.cpp">
      <Filter>Source Files</Filter>
    </ClCompile>
    <ClCompile Include="Scenes\doomlikeLevelStart.cpp">
      <Filter>Source Files</Filter>
    </ClCompile>
    <ClCompile Include="PrefabFactories\wallFactory.cpp">
      <Filter>Source Files</Filter>
    </ClCompile>
    <ClCompile Include="PrefabFactories\floorCeilingFactory.cpp">
      <Filter>Source Files</Filter>
    </ClCompile>
    <ClCompile Include="PrefabFactories\stairFactory.cpp">
      <Filter>Source Files</Filter>
    </ClCompile>
    <ClCompile Include="GameComponents\lampComponent.cpp">
      <Filter>Source Files</Filter>
    </ClCompile>
    <ClCompile Include="PrefabFactories\lampFactory.cpp">
      <Filter>Source Files</Filter>
    </ClCompile>
    <ClCompile Include="Scenes\doomlikeLevelAdvanced.cpp">
      <Filter>Source Files</Filter>
    </ClCompile>
    <ClCompile Include="GameComponents\playerComponent.cpp">
      <Filter>Source Files</Filter>
    </ClCompile>
    <ClCompile Include="GameComponents\OverrideComponents\cameraLagComponent.cpp">
      <Filter>Source Files</Filter>
    </ClCompile>
    <ClCompile Include="GameComponents\movingPlatformComponent.cpp">
      <Filter>Source Files</Filter>
    </ClCompile>
    <ClCompile Include="GameComponents\targetComponent.cpp">
      <Filter>Source Files</Filter>
    </ClCompile>
    <ClCompile Include="GameComponents\gunComponent.cpp">
      <Filter>Source Files</Filter>
    </ClCompile>
    <ClCompile Include="GameComponents\bulletComponent.cpp">
      <Filter>Source Files</Filter>
    </ClCompile>
    <ClCompile Include="GameComponents\enemyComponent.cpp">
      <Filter>Source Files</Filter>
    </ClCompile>
    <ClCompile Include="GameLogic\enemyCount.cpp">
      <Filter>Source Files</Filter>
    </ClCompile>
  </ItemGroup>
  <ItemGroup>
    <ClInclude Include="Scenes\testFpsScene.h">
      <Filter>Header Files</Filter>
    </ClInclude>
    <ClInclude Include="doomlikeGame.h">
      <Filter>Header Files</Filter>
    </ClInclude>
    <ClInclude Include="Scenes\doomlikeLevelDebug.h">
      <Filter>Header Files</Filter>
    </ClInclude>
    <ClInclude Include="Scenes\doomlikeLevelStart.h">
      <Filter>Header Files</Filter>
    </ClInclude>
    <ClInclude Include="PrefabFactories\wallFactory.h">
      <Filter>Header Files</Filter>
    </ClInclude>
    <ClInclude Include="PrefabFactories\floorCeilingFactory.h">
      <Filter>Header Files</Filter>
    </ClInclude>
    <ClInclude Include="PrefabFactories\stairFactory.h">
      <Filter>Header Files</Filter>
    </ClInclude>
    <ClInclude Include="GameComponents\lampComponent.h">
      <Filter>Header Files</Filter>
    </ClInclude>
    <ClInclude Include="PrefabFactories\lampFactory.h">
      <Filter>Header Files</Filter>
    </ClInclude>
    <ClInclude Include="Scenes\doomlikeLevelAdvanced.h">
      <Filter>Header Files</Filter>
    </ClInclude>
    <ClInclude Include="GameComponents\playerComponent.h">
      <Filter>Header Files</Filter>
    </ClInclude>
    <ClInclude Include="GameLogic\playerSpawnPoint.h">
      <Filter>Header Files</Filter>
    </ClInclude>
    <ClInclude Include="GameComponents\OverrideComponents\cameraLagComponent.h">
      <Filter>Header Files</Filter>
    </ClInclude>
    <ClInclude Include="GameComponents\movingPlatformComponent.h">
      <Filter>Header Files</Filter>
    </ClInclude>
    <ClInclude Include="GameComponents\targetComponent.h">
      <Filter>Header Files</Filter>
    </ClInclude>
    <ClInclude Include="GameComponents\gunComponent.h">
      <Filter>Header Files</Filter>
    </ClInclude>
    <ClInclude Include="GameComponents\bulletComponent.h">
      <Filter>Header Files</Filter>
    </ClInclude>
    <ClInclude Include="GameComponents\enemyComponent.h">
      <Filter>Header Files</Filter>
    </ClInclude>
    <ClInclude Include="GameLogic\enemyCount.h">
      <Filter>Header Files</Filter>
    </ClInclude>
  </ItemGroup>
</Project>